// !$*UTF8*$!
{
	archiveVersion = 1;
	classes = {
	};
	objectVersion = 46;
	objects = {

/* Begin PBXBuildFile section */
		6E6B086D1899879700A059E7 /* Foundation.framework in Frameworks */ = {isa = PBXBuildFile; fileRef = 6E6B086C1899879700A059E7 /* Foundation.framework */; };
		6E6B086F1899879700A059E7 /* CoreGraphics.framework in Frameworks */ = {isa = PBXBuildFile; fileRef = 6E6B086E1899879700A059E7 /* CoreGraphics.framework */; };
		6E6B08711899879700A059E7 /* UIKit.framework in Frameworks */ = {isa = PBXBuildFile; fileRef = 6E6B08701899879700A059E7 /* UIKit.framework */; };
		6E6B08771899879700A059E7 /* InfoPlist.strings in Resources */ = {isa = PBXBuildFile; fileRef = 6E6B08751899879700A059E7 /* InfoPlist.strings */; };
		6E6B08791899879700A059E7 /* main.m in Sources */ = {isa = PBXBuildFile; fileRef = 6E6B08781899879700A059E7 /* main.m */; };
		6E6B087D1899879700A059E7 /* AppDelegate.m in Sources */ = {isa = PBXBuildFile; fileRef = 6E6B087C1899879700A059E7 /* AppDelegate.m */; };
		6E6B08801899879700A059E7 /* Main.storyboard in Resources */ = {isa = PBXBuildFile; fileRef = 6E6B087E1899879700A059E7 /* Main.storyboard */; };
		6E6B08851899879700A059E7 /* Images.xcassets in Resources */ = {isa = PBXBuildFile; fileRef = 6E6B08841899879700A059E7 /* Images.xcassets */; };
		6E6B088C1899879700A059E7 /* XCTest.framework in Frameworks */ = {isa = PBXBuildFile; fileRef = 6E6B088B1899879700A059E7 /* XCTest.framework */; };
		6E6B088D1899879700A059E7 /* Foundation.framework in Frameworks */ = {isa = PBXBuildFile; fileRef = 6E6B086C1899879700A059E7 /* Foundation.framework */; };
		6E6B088E1899879700A059E7 /* UIKit.framework in Frameworks */ = {isa = PBXBuildFile; fileRef = 6E6B08701899879700A059E7 /* UIKit.framework */; };
		6E6B08961899879700A059E7 /* InfoPlist.strings in Resources */ = {isa = PBXBuildFile; fileRef = 6E6B08941899879700A059E7 /* InfoPlist.strings */; };
		6E6B08981899879700A059E7 /* Dwellworks_InspectionTests.m in Sources */ = {isa = PBXBuildFile; fileRef = 6E6B08971899879700A059E7 /* Dwellworks_InspectionTests.m */; };
		6E6B08A418998D1900A059E7 /* DwellworksAPI.m in Sources */ = {isa = PBXBuildFile; fileRef = 6E6B08A318998D1900A059E7 /* DwellworksAPI.m */; };
		6E6B08A718998D9900A059E7 /* DwellworksLogin.m in Sources */ = {isa = PBXBuildFile; fileRef = 6E6B08A618998D9900A059E7 /* DwellworksLogin.m */; };
		6E6B08AF1899A4FA00A059E7 /* QtrModel.xcdatamodeld in Sources */ = {isa = PBXBuildFile; fileRef = 6E6B08AD1899A4FA00A059E7 /* QtrModel.xcdatamodeld */; };
		6E6B08EA1899B25900A059E7 /* QtrModel.json in Resources */ = {isa = PBXBuildFile; fileRef = 6E6B08E91899B25900A059E7 /* QtrModel.json */; };
		6E6B08ED1899B2EA00A059E7 /* TestVC.m in Sources */ = {isa = PBXBuildFile; fileRef = 6E6B08EC1899B2EA00A059E7 /* TestVC.m */; };
		6E6B08F0189AE7E000A059E7 /* Inspection+Create.m in Sources */ = {isa = PBXBuildFile; fileRef = 6E6B08EF189AE7E000A059E7 /* Inspection+Create.m */; };
		6E6B08F3189AE9F500A059E7 /* Interior.m in Sources */ = {isa = PBXBuildFile; fileRef = 6E6B08F2189AE9F500A059E7 /* Interior.m */; };
		6E6B08F6189AE9F600A059E7 /* Inspection.m in Sources */ = {isa = PBXBuildFile; fileRef = 6E6B08F5189AE9F600A059E7 /* Inspection.m */; };
		6E6B08F9189AE9F600A059E7 /* Exterior.m in Sources */ = {isa = PBXBuildFile; fileRef = 6E6B08F8189AE9F600A059E7 /* Exterior.m */; };
		6E6B08FC189AF4B900A059E7 /* Exterior.json in Resources */ = {isa = PBXBuildFile; fileRef = 6E6B08FB189AF4B900A059E7 /* Exterior.json */; };
		6E6B08FE189AF4C800A059E7 /* Interior.json in Resources */ = {isa = PBXBuildFile; fileRef = 6E6B08FD189AF4C800A059E7 /* Interior.json */; };
		6E6B0904189AFACB00A059E7 /* QtrModel.m in Sources */ = {isa = PBXBuildFile; fileRef = 6E6B0903189AFACB00A059E7 /* QtrModel.m */; };
		6E6B0907189B006300A059E7 /* CoreDataTableViewController.m in Sources */ = {isa = PBXBuildFile; fileRef = 6E6B0906189B006300A059E7 /* CoreDataTableViewController.m */; };
		6E6B090D189B0D8200A059E7 /* QtrInspectionVC.m in Sources */ = {isa = PBXBuildFile; fileRef = 6E6B090C189B0D8200A059E7 /* QtrInspectionVC.m */; };
		6E6B0914189BE8CF00A059E7 /* ExteriorCDTVC.m in Sources */ = {isa = PBXBuildFile; fileRef = 6E6B0913189BE8CF00A059E7 /* ExteriorCDTVC.m */; };
/* End PBXBuildFile section */

/* Begin PBXContainerItemProxy section */
		6E6B088F1899879700A059E7 /* PBXContainerItemProxy */ = {
			isa = PBXContainerItemProxy;
			containerPortal = 6E6B08611899879700A059E7 /* Project object */;
			proxyType = 1;
			remoteGlobalIDString = 6E6B08681899879700A059E7;
			remoteInfo = "Dwellworks Inspection";
		};
/* End PBXContainerItemProxy section */

/* Begin PBXFileReference section */
		6E6B08691899879700A059E7 /* Dwellworks Inspection.app */ = {isa = PBXFileReference; explicitFileType = wrapper.application; includeInIndex = 0; path = "Dwellworks Inspection.app"; sourceTree = BUILT_PRODUCTS_DIR; };
		6E6B086C1899879700A059E7 /* Foundation.framework */ = {isa = PBXFileReference; lastKnownFileType = wrapper.framework; name = Foundation.framework; path = System/Library/Frameworks/Foundation.framework; sourceTree = SDKROOT; };
		6E6B086E1899879700A059E7 /* CoreGraphics.framework */ = {isa = PBXFileReference; lastKnownFileType = wrapper.framework; name = CoreGraphics.framework; path = System/Library/Frameworks/CoreGraphics.framework; sourceTree = SDKROOT; };
		6E6B08701899879700A059E7 /* UIKit.framework */ = {isa = PBXFileReference; lastKnownFileType = wrapper.framework; name = UIKit.framework; path = System/Library/Frameworks/UIKit.framework; sourceTree = SDKROOT; };
		6E6B08741899879700A059E7 /* Dwellworks Inspection-Info.plist */ = {isa = PBXFileReference; lastKnownFileType = text.plist.xml; path = "Dwellworks Inspection-Info.plist"; sourceTree = "<group>"; };
		6E6B08761899879700A059E7 /* en */ = {isa = PBXFileReference; lastKnownFileType = text.plist.strings; name = en; path = en.lproj/InfoPlist.strings; sourceTree = "<group>"; };
		6E6B08781899879700A059E7 /* main.m */ = {isa = PBXFileReference; lastKnownFileType = sourcecode.c.objc; path = main.m; sourceTree = "<group>"; };
		6E6B087A1899879700A059E7 /* Dwellworks Inspection-Prefix.pch */ = {isa = PBXFileReference; lastKnownFileType = sourcecode.c.h; path = "Dwellworks Inspection-Prefix.pch"; sourceTree = "<group>"; };
		6E6B087B1899879700A059E7 /* AppDelegate.h */ = {isa = PBXFileReference; lastKnownFileType = sourcecode.c.h; path = AppDelegate.h; sourceTree = "<group>"; };
		6E6B087C1899879700A059E7 /* AppDelegate.m */ = {isa = PBXFileReference; lastKnownFileType = sourcecode.c.objc; path = AppDelegate.m; sourceTree = "<group>"; };
		6E6B087F1899879700A059E7 /* Base */ = {isa = PBXFileReference; lastKnownFileType = file.storyboard; name = Base; path = Base.lproj/Main.storyboard; sourceTree = "<group>"; };
		6E6B08841899879700A059E7 /* Images.xcassets */ = {isa = PBXFileReference; lastKnownFileType = folder.assetcatalog; path = Images.xcassets; sourceTree = "<group>"; };
		6E6B088A1899879700A059E7 /* Dwellworks InspectionTests.xctest */ = {isa = PBXFileReference; explicitFileType = wrapper.cfbundle; includeInIndex = 0; path = "Dwellworks InspectionTests.xctest"; sourceTree = BUILT_PRODUCTS_DIR; };
		6E6B088B1899879700A059E7 /* XCTest.framework */ = {isa = PBXFileReference; lastKnownFileType = wrapper.framework; name = XCTest.framework; path = Library/Frameworks/XCTest.framework; sourceTree = DEVELOPER_DIR; };
		6E6B08931899879700A059E7 /* Dwellworks InspectionTests-Info.plist */ = {isa = PBXFileReference; lastKnownFileType = text.plist.xml; path = "Dwellworks InspectionTests-Info.plist"; sourceTree = "<group>"; };
		6E6B08951899879700A059E7 /* en */ = {isa = PBXFileReference; lastKnownFileType = text.plist.strings; name = en; path = en.lproj/InfoPlist.strings; sourceTree = "<group>"; };
		6E6B08971899879700A059E7 /* Dwellworks_InspectionTests.m */ = {isa = PBXFileReference; lastKnownFileType = sourcecode.c.objc; path = Dwellworks_InspectionTests.m; sourceTree = "<group>"; };
		6E6B08A218998D1900A059E7 /* DwellworksAPI.h */ = {isa = PBXFileReference; fileEncoding = 4; lastKnownFileType = sourcecode.c.h; path = DwellworksAPI.h; sourceTree = "<group>"; };
		6E6B08A318998D1900A059E7 /* DwellworksAPI.m */ = {isa = PBXFileReference; fileEncoding = 4; lastKnownFileType = sourcecode.c.objc; path = DwellworksAPI.m; sourceTree = "<group>"; };
		6E6B08A518998D9900A059E7 /* DwellworksLogin.h */ = {isa = PBXFileReference; fileEncoding = 4; lastKnownFileType = sourcecode.c.h; path = DwellworksLogin.h; sourceTree = "<group>"; };
		6E6B08A618998D9900A059E7 /* DwellworksLogin.m */ = {isa = PBXFileReference; fileEncoding = 4; lastKnownFileType = sourcecode.c.objc; path = DwellworksLogin.m; sourceTree = "<group>"; };
		6E6B08A818998DE800A059E7 /* DwellworksAPIConfig.h */ = {isa = PBXFileReference; fileEncoding = 4; lastKnownFileType = sourcecode.c.h; path = DwellworksAPIConfig.h; sourceTree = "<group>"; };
		6E6B08AE1899A4FA00A059E7 /* QtrModel.xcdatamodel */ = {isa = PBXFileReference; lastKnownFileType = wrapper.xcdatamodel; path = QtrModel.xcdatamodel; sourceTree = "<group>"; };
		6E6B08E91899B25900A059E7 /* QtrModel.json */ = {isa = PBXFileReference; fileEncoding = 4; lastKnownFileType = text.json; path = QtrModel.json; sourceTree = "<group>"; };
		6E6B08EB1899B2EA00A059E7 /* TestVC.h */ = {isa = PBXFileReference; fileEncoding = 4; lastKnownFileType = sourcecode.c.h; path = TestVC.h; sourceTree = "<group>"; };
		6E6B08EC1899B2EA00A059E7 /* TestVC.m */ = {isa = PBXFileReference; fileEncoding = 4; lastKnownFileType = sourcecode.c.objc; path = TestVC.m; sourceTree = "<group>"; };
		6E6B08EE189AE7E000A059E7 /* Inspection+Create.h */ = {isa = PBXFileReference; fileEncoding = 4; lastKnownFileType = sourcecode.c.h; path = "Inspection+Create.h"; sourceTree = "<group>"; };
		6E6B08EF189AE7E000A059E7 /* Inspection+Create.m */ = {isa = PBXFileReference; fileEncoding = 4; lastKnownFileType = sourcecode.c.objc; path = "Inspection+Create.m"; sourceTree = "<group>"; };
		6E6B08F1189AE9F500A059E7 /* Interior.h */ = {isa = PBXFileReference; fileEncoding = 4; lastKnownFileType = sourcecode.c.h; path = Interior.h; sourceTree = "<group>"; };
		6E6B08F2189AE9F500A059E7 /* Interior.m */ = {isa = PBXFileReference; fileEncoding = 4; lastKnownFileType = sourcecode.c.objc; path = Interior.m; sourceTree = "<group>"; };
		6E6B08F4189AE9F600A059E7 /* Inspection.h */ = {isa = PBXFileReference; fileEncoding = 4; lastKnownFileType = sourcecode.c.h; path = Inspection.h; sourceTree = "<group>"; };
		6E6B08F5189AE9F600A059E7 /* Inspection.m */ = {isa = PBXFileReference; fileEncoding = 4; lastKnownFileType = sourcecode.c.objc; path = Inspection.m; sourceTree = "<group>"; };
		6E6B08F7189AE9F600A059E7 /* Exterior.h */ = {isa = PBXFileReference; fileEncoding = 4; lastKnownFileType = sourcecode.c.h; path = Exterior.h; sourceTree = "<group>"; };
		6E6B08F8189AE9F600A059E7 /* Exterior.m */ = {isa = PBXFileReference; fileEncoding = 4; lastKnownFileType = sourcecode.c.objc; path = Exterior.m; sourceTree = "<group>"; };
		6E6B08FB189AF4B900A059E7 /* Exterior.json */ = {isa = PBXFileReference; fileEncoding = 4; lastKnownFileType = text.json; path = Exterior.json; sourceTree = "<group>"; };
		6E6B08FD189AF4C800A059E7 /* Interior.json */ = {isa = PBXFileReference; fileEncoding = 4; lastKnownFileType = text.json; path = Interior.json; sourceTree = "<group>"; };
		6E6B0902189AFACB00A059E7 /* QtrModel.h */ = {isa = PBXFileReference; fileEncoding = 4; lastKnownFileType = sourcecode.c.h; path = QtrModel.h; sourceTree = "<group>"; };
		6E6B0903189AFACB00A059E7 /* QtrModel.m */ = {isa = PBXFileReference; fileEncoding = 4; lastKnownFileType = sourcecode.c.objc; path = QtrModel.m; sourceTree = "<group>"; };
		6E6B0905189B006300A059E7 /* CoreDataTableViewController.h */ = {isa = PBXFileReference; fileEncoding = 4; lastKnownFileType = sourcecode.c.h; path = CoreDataTableViewController.h; sourceTree = "<group>"; };
		6E6B0906189B006300A059E7 /* CoreDataTableViewController.m */ = {isa = PBXFileReference; fileEncoding = 4; lastKnownFileType = sourcecode.c.objc; path = CoreDataTableViewController.m; sourceTree = "<group>"; };
		6E6B090B189B0D8200A059E7 /* QtrInspectionVC.h */ = {isa = PBXFileReference; fileEncoding = 4; lastKnownFileType = sourcecode.c.h; path = QtrInspectionVC.h; sourceTree = "<group>"; };
		6E6B090C189B0D8200A059E7 /* QtrInspectionVC.m */ = {isa = PBXFileReference; fileEncoding = 4; lastKnownFileType = sourcecode.c.objc; path = QtrInspectionVC.m; sourceTree = "<group>"; };
		6E6B0912189BE8CF00A059E7 /* ExteriorCDTVC.h */ = {isa = PBXFileReference; fileEncoding = 4; lastKnownFileType = sourcecode.c.h; path = ExteriorCDTVC.h; sourceTree = "<group>"; };
		6E6B0913189BE8CF00A059E7 /* ExteriorCDTVC.m */ = {isa = PBXFileReference; fileEncoding = 4; lastKnownFileType = sourcecode.c.objc; path = ExteriorCDTVC.m; sourceTree = "<group>"; };
/* End PBXFileReference section */

/* Begin PBXFrameworksBuildPhase section */
		6E6B08661899879700A059E7 /* Frameworks */ = {
			isa = PBXFrameworksBuildPhase;
			buildActionMask = 2147483647;
			files = (
				6E6B086F1899879700A059E7 /* CoreGraphics.framework in Frameworks */,
				6E6B08711899879700A059E7 /* UIKit.framework in Frameworks */,
				6E6B086D1899879700A059E7 /* Foundation.framework in Frameworks */,
			);
			runOnlyForDeploymentPostprocessing = 0;
		};
		6E6B08871899879700A059E7 /* Frameworks */ = {
			isa = PBXFrameworksBuildPhase;
			buildActionMask = 2147483647;
			files = (
				6E6B088C1899879700A059E7 /* XCTest.framework in Frameworks */,
				6E6B088E1899879700A059E7 /* UIKit.framework in Frameworks */,
				6E6B088D1899879700A059E7 /* Foundation.framework in Frameworks */,
			);
			runOnlyForDeploymentPostprocessing = 0;
		};
/* End PBXFrameworksBuildPhase section */

/* Begin PBXGroup section */
		6E6B08601899879700A059E7 = {
			isa = PBXGroup;
			children = (
				6E6B08721899879700A059E7 /* Dwellworks Inspection */,
				6E6B08911899879700A059E7 /* Dwellworks InspectionTests */,
				6E6B086B1899879700A059E7 /* Frameworks */,
				6E6B086A1899879700A059E7 /* Products */,
			);
			sourceTree = "<group>";
		};
		6E6B086A1899879700A059E7 /* Products */ = {
			isa = PBXGroup;
			children = (
				6E6B08691899879700A059E7 /* Dwellworks Inspection.app */,
				6E6B088A1899879700A059E7 /* Dwellworks InspectionTests.xctest */,
			);
			name = Products;
			sourceTree = "<group>";
		};
		6E6B086B1899879700A059E7 /* Frameworks */ = {
			isa = PBXGroup;
			children = (
				6E6B086C1899879700A059E7 /* Foundation.framework */,
				6E6B086E1899879700A059E7 /* CoreGraphics.framework */,
				6E6B08701899879700A059E7 /* UIKit.framework */,
				6E6B088B1899879700A059E7 /* XCTest.framework */,
			);
			name = Frameworks;
			sourceTree = "<group>";
		};
		6E6B08721899879700A059E7 /* Dwellworks Inspection */ = {
			isa = PBXGroup;
			children = (
				6E6B08AC1899954C00A059E7 /* Controller */,
				6E6B08AB1899954200A059E7 /* Model */,
				6E6B08A118998CAB00A059E7 /* DwellworksAPI */,
				6E6B087B1899879700A059E7 /* AppDelegate.h */,
				6E6B087C1899879700A059E7 /* AppDelegate.m */,
				6E6B087E1899879700A059E7 /* Main.storyboard */,
				6E6B08841899879700A059E7 /* Images.xcassets */,
				6E6B08731899879700A059E7 /* Supporting Files */,
			);
			path = "Dwellworks Inspection";
			sourceTree = "<group>";
		};
		6E6B08731899879700A059E7 /* Supporting Files */ = {
			isa = PBXGroup;
			children = (
				6E6B08741899879700A059E7 /* Dwellworks Inspection-Info.plist */,
				6E6B08751899879700A059E7 /* InfoPlist.strings */,
				6E6B08781899879700A059E7 /* main.m */,
				6E6B087A1899879700A059E7 /* Dwellworks Inspection-Prefix.pch */,
			);
			name = "Supporting Files";
			sourceTree = "<group>";
		};
		6E6B08911899879700A059E7 /* Dwellworks InspectionTests */ = {
			isa = PBXGroup;
			children = (
				6E6B08971899879700A059E7 /* Dwellworks_InspectionTests.m */,
				6E6B08921899879700A059E7 /* Supporting Files */,
			);
			path = "Dwellworks InspectionTests";
			sourceTree = "<group>";
		};
		6E6B08921899879700A059E7 /* Supporting Files */ = {
			isa = PBXGroup;
			children = (
				6E6B08931899879700A059E7 /* Dwellworks InspectionTests-Info.plist */,
				6E6B08941899879700A059E7 /* InfoPlist.strings */,
			);
			name = "Supporting Files";
			sourceTree = "<group>";
		};
		6E6B08A118998CAB00A059E7 /* DwellworksAPI */ = {
			isa = PBXGroup;
			children = (
				6E6B08A218998D1900A059E7 /* DwellworksAPI.h */,
				6E6B08A318998D1900A059E7 /* DwellworksAPI.m */,
				6E6B08A518998D9900A059E7 /* DwellworksLogin.h */,
				6E6B08A618998D9900A059E7 /* DwellworksLogin.m */,
				6E6B08A818998DE800A059E7 /* DwellworksAPIConfig.h */,
			);
			name = DwellworksAPI;
			sourceTree = "<group>";
		};
		6E6B08AB1899954200A059E7 /* Model */ = {
			isa = PBXGroup;
			children = (
				6E6B08FA189AF49900A059E7 /* QtrModelJSON */,
				6E6B08AD1899A4FA00A059E7 /* QtrModel.xcdatamodeld */,
				6E6B08F7189AE9F600A059E7 /* Exterior.h */,
				6E6B08F8189AE9F600A059E7 /* Exterior.m */,
				6E6B08F4189AE9F600A059E7 /* Inspection.h */,
				6E6B08F5189AE9F600A059E7 /* Inspection.m */,
				6E6B08F1189AE9F500A059E7 /* Interior.h */,
				6E6B08F2189AE9F500A059E7 /* Interior.m */,
				6E6B08E91899B25900A059E7 /* QtrModel.json */,
				6E6B08EE189AE7E000A059E7 /* Inspection+Create.h */,
				6E6B08EF189AE7E000A059E7 /* Inspection+Create.m */,
			);
			name = Model;
			sourceTree = "<group>";
		};
		6E6B08AC1899954C00A059E7 /* Controller */ = {
			isa = PBXGroup;
			children = (
				6E6B0911189BE8B900A059E7 /* SubHeaders */,
				6E6B08EB1899B2EA00A059E7 /* TestVC.h */,
				6E6B08EC1899B2EA00A059E7 /* TestVC.m */,
				6E6B090B189B0D8200A059E7 /* QtrInspectionVC.h */,
				6E6B090C189B0D8200A059E7 /* QtrInspectionVC.m */,
				6E6B0905189B006300A059E7 /* CoreDataTableViewController.h */,
				6E6B0906189B006300A059E7 /* CoreDataTableViewController.m */,
			);
			name = Controller;
			sourceTree = "<group>";
		};
		6E6B08FA189AF49900A059E7 /* QtrModelJSON */ = {
			isa = PBXGroup;
			children = (
				6E6B08FB189AF4B900A059E7 /* Exterior.json */,
				6E6B08FD189AF4C800A059E7 /* Interior.json */,
				6E6B0902189AFACB00A059E7 /* QtrModel.h */,
				6E6B0903189AFACB00A059E7 /* QtrModel.m */,
			);
			name = QtrModelJSON;
			sourceTree = "<group>";
		};
		6E6B0911189BE8B900A059E7 /* SubHeaders */ = {
			isa = PBXGroup;
			children = (
				6E6B0912189BE8CF00A059E7 /* ExteriorCDTVC.h */,
				6E6B0913189BE8CF00A059E7 /* ExteriorCDTVC.m */,
			);
			name = SubHeaders;
			sourceTree = "<group>";
		};
/* End PBXGroup section */

/* Begin PBXNativeTarget section */
		6E6B08681899879700A059E7 /* Dwellworks Inspection */ = {
			isa = PBXNativeTarget;
			buildConfigurationList = 6E6B089B1899879700A059E7 /* Build configuration list for PBXNativeTarget "Dwellworks Inspection" */;
			buildPhases = (
				6E6B08651899879700A059E7 /* Sources */,
				6E6B08661899879700A059E7 /* Frameworks */,
				6E6B08671899879700A059E7 /* Resources */,
			);
			buildRules = (
			);
			dependencies = (
			);
			name = "Dwellworks Inspection";
			productName = "Dwellworks Inspection";
			productReference = 6E6B08691899879700A059E7 /* Dwellworks Inspection.app */;
			productType = "com.apple.product-type.application";
		};
		6E6B08891899879700A059E7 /* Dwellworks InspectionTests */ = {
			isa = PBXNativeTarget;
			buildConfigurationList = 6E6B089E1899879700A059E7 /* Build configuration list for PBXNativeTarget "Dwellworks InspectionTests" */;
			buildPhases = (
				6E6B08861899879700A059E7 /* Sources */,
				6E6B08871899879700A059E7 /* Frameworks */,
				6E6B08881899879700A059E7 /* Resources */,
			);
			buildRules = (
			);
			dependencies = (
				6E6B08901899879700A059E7 /* PBXTargetDependency */,
			);
			name = "Dwellworks InspectionTests";
			productName = "Dwellworks InspectionTests";
			productReference = 6E6B088A1899879700A059E7 /* Dwellworks InspectionTests.xctest */;
			productType = "com.apple.product-type.bundle.unit-test";
		};
/* End PBXNativeTarget section */

/* Begin PBXProject section */
		6E6B08611899879700A059E7 /* Project object */ = {
			isa = PBXProject;
			attributes = {
				LastUpgradeCheck = 0500;
				ORGANIZATIONNAME = "Austin Emser";
				TargetAttributes = {
					6E6B08891899879700A059E7 = {
						TestTargetID = 6E6B08681899879700A059E7;
					};
				};
			};
			buildConfigurationList = 6E6B08641899879700A059E7 /* Build configuration list for PBXProject "Dwellworks Inspection" */;
			compatibilityVersion = "Xcode 3.2";
			developmentRegion = English;
			hasScannedForEncodings = 0;
			knownRegions = (
				en,
				Base,
			);
			mainGroup = 6E6B08601899879700A059E7;
			productRefGroup = 6E6B086A1899879700A059E7 /* Products */;
			projectDirPath = "";
			projectRoot = "";
			targets = (
				6E6B08681899879700A059E7 /* Dwellworks Inspection */,
				6E6B08891899879700A059E7 /* Dwellworks InspectionTests */,
			);
		};
/* End PBXProject section */

/* Begin PBXResourcesBuildPhase section */
		6E6B08671899879700A059E7 /* Resources */ = {
			isa = PBXResourcesBuildPhase;
			buildActionMask = 2147483647;
			files = (
				6E6B08851899879700A059E7 /* Images.xcassets in Resources */,
				6E6B08EA1899B25900A059E7 /* QtrModel.json in Resources */,
				6E6B08771899879700A059E7 /* InfoPlist.strings in Resources */,
				6E6B08801899879700A059E7 /* Main.storyboard in Resources */,
				6E6B08FC189AF4B900A059E7 /* Exterior.json in Resources */,
				6E6B08FE189AF4C800A059E7 /* Interior.json in Resources */,
			);
			runOnlyForDeploymentPostprocessing = 0;
		};
		6E6B08881899879700A059E7 /* Resources */ = {
			isa = PBXResourcesBuildPhase;
			buildActionMask = 2147483647;
			files = (
				6E6B08961899879700A059E7 /* InfoPlist.strings in Resources */,
			);
			runOnlyForDeploymentPostprocessing = 0;
		};
/* End PBXResourcesBuildPhase section */

/* Begin PBXSourcesBuildPhase section */
		6E6B08651899879700A059E7 /* Sources */ = {
			isa = PBXSourcesBuildPhase;
			buildActionMask = 2147483647;
			files = (
				6E6B08A418998D1900A059E7 /* DwellworksAPI.m in Sources */,
				6E6B08F0189AE7E000A059E7 /* Inspection+Create.m in Sources */,
				6E6B0907189B006300A059E7 /* CoreDataTableViewController.m in Sources */,
				6E6B08ED1899B2EA00A059E7 /* TestVC.m in Sources */,
				6E6B0914189BE8CF00A059E7 /* ExteriorCDTVC.m in Sources */,
				6E6B090D189B0D8200A059E7 /* QtrInspectionVC.m in Sources */,
				6E6B087D1899879700A059E7 /* AppDelegate.m in Sources */,
				6E6B08791899879700A059E7 /* main.m in Sources */,
				6E6B08F9189AE9F600A059E7 /* Exterior.m in Sources */,
				6E6B0904189AFACB00A059E7 /* QtrModel.m in Sources */,
				6E6B08A718998D9900A059E7 /* DwellworksLogin.m in Sources */,
				6E6B08F3189AE9F500A059E7 /* Interior.m in Sources */,
				6E6B08F6189AE9F600A059E7 /* Inspection.m in Sources */,
				6E6B08AF1899A4FA00A059E7 /* QtrModel.xcdatamodeld in Sources */,
			);
			runOnlyForDeploymentPostprocessing = 0;
		};
		6E6B08861899879700A059E7 /* Sources */ = {
			isa = PBXSourcesBuildPhase;
			buildActionMask = 2147483647;
			files = (
				6E6B08981899879700A059E7 /* Dwellworks_InspectionTests.m in Sources */,
			);
			runOnlyForDeploymentPostprocessing = 0;
		};
/* End PBXSourcesBuildPhase section */

/* Begin PBXTargetDependency section */
		6E6B08901899879700A059E7 /* PBXTargetDependency */ = {
			isa = PBXTargetDependency;
			target = 6E6B08681899879700A059E7 /* Dwellworks Inspection */;
			targetProxy = 6E6B088F1899879700A059E7 /* PBXContainerItemProxy */;
		};
/* End PBXTargetDependency section */

/* Begin PBXVariantGroup section */
		6E6B08751899879700A059E7 /* InfoPlist.strings */ = {
			isa = PBXVariantGroup;
			children = (
				6E6B08761899879700A059E7 /* en */,
			);
			name = InfoPlist.strings;
			sourceTree = "<group>";
		};
		6E6B087E1899879700A059E7 /* Main.storyboard */ = {
			isa = PBXVariantGroup;
			children = (
				6E6B087F1899879700A059E7 /* Base */,
			);
			name = Main.storyboard;
			sourceTree = "<group>";
		};
		6E6B08941899879700A059E7 /* InfoPlist.strings */ = {
			isa = PBXVariantGroup;
			children = (
				6E6B08951899879700A059E7 /* en */,
			);
			name = InfoPlist.strings;
			sourceTree = "<group>";
		};
/* End PBXVariantGroup section */

/* Begin XCBuildConfiguration section */
		6E6B08991899879700A059E7 /* Debug */ = {
			isa = XCBuildConfiguration;
			buildSettings = {
				ALWAYS_SEARCH_USER_PATHS = NO;
				ARCHS = "$(ARCHS_STANDARD_INCLUDING_64_BIT)";
				CLANG_CXX_LANGUAGE_STANDARD = "gnu++0x";
				CLANG_CXX_LIBRARY = "libc++";
				CLANG_ENABLE_MODULES = YES;
				CLANG_ENABLE_OBJC_ARC = YES;
				CLANG_WARN_BOOL_CONVERSION = YES;
				CLANG_WARN_CONSTANT_CONVERSION = YES;
				CLANG_WARN_DIRECT_OBJC_ISA_USAGE = YES_ERROR;
				CLANG_WARN_EMPTY_BODY = YES;
				CLANG_WARN_ENUM_CONVERSION = YES;
				CLANG_WARN_INT_CONVERSION = YES;
				CLANG_WARN_OBJC_ROOT_CLASS = YES_ERROR;
				CLANG_WARN__DUPLICATE_METHOD_MATCH = YES;
				"CODE_SIGN_IDENTITY[sdk=iphoneos*]" = "iPhone Developer";
				COPY_PHASE_STRIP = NO;
				GCC_C_LANGUAGE_STANDARD = gnu99;
				GCC_DYNAMIC_NO_PIC = NO;
				GCC_OPTIMIZATION_LEVEL = 0;
				GCC_PREPROCESSOR_DEFINITIONS = (
					"DEBUG=1",
					"$(inherited)",
				);
				GCC_SYMBOLS_PRIVATE_EXTERN = NO;
				GCC_WARN_64_TO_32_BIT_CONVERSION = YES;
				GCC_WARN_ABOUT_RETURN_TYPE = YES_ERROR;
				GCC_WARN_UNDECLARED_SELECTOR = YES;
				GCC_WARN_UNINITIALIZED_AUTOS = YES;
				GCC_WARN_UNUSED_FUNCTION = YES;
				GCC_WARN_UNUSED_VARIABLE = YES;
				IPHONEOS_DEPLOYMENT_TARGET = 7.0;
				ONLY_ACTIVE_ARCH = YES;
				SDKROOT = iphoneos;
			};
			name = Debug;
		};
		6E6B089A1899879700A059E7 /* Release */ = {
			isa = XCBuildConfiguration;
			buildSettings = {
				ALWAYS_SEARCH_USER_PATHS = NO;
				ARCHS = "$(ARCHS_STANDARD_INCLUDING_64_BIT)";
				CLANG_CXX_LANGUAGE_STANDARD = "gnu++0x";
				CLANG_CXX_LIBRARY = "libc++";
				CLANG_ENABLE_MODULES = YES;
				CLANG_ENABLE_OBJC_ARC = YES;
				CLANG_WARN_BOOL_CONVERSION = YES;
				CLANG_WARN_CONSTANT_CONVERSION = YES;
				CLANG_WARN_DIRECT_OBJC_ISA_USAGE = YES_ERROR;
				CLANG_WARN_EMPTY_BODY = YES;
				CLANG_WARN_ENUM_CONVERSION = YES;
				CLANG_WARN_INT_CONVERSION = YES;
				CLANG_WARN_OBJC_ROOT_CLASS = YES_ERROR;
				CLANG_WARN__DUPLICATE_METHOD_MATCH = YES;
				"CODE_SIGN_IDENTITY[sdk=iphoneos*]" = "iPhone Developer";
				COPY_PHASE_STRIP = YES;
				ENABLE_NS_ASSERTIONS = NO;
				GCC_C_LANGUAGE_STANDARD = gnu99;
				GCC_WARN_64_TO_32_BIT_CONVERSION = YES;
				GCC_WARN_ABOUT_RETURN_TYPE = YES_ERROR;
				GCC_WARN_UNDECLARED_SELECTOR = YES;
				GCC_WARN_UNINITIALIZED_AUTOS = YES;
				GCC_WARN_UNUSED_FUNCTION = YES;
				GCC_WARN_UNUSED_VARIABLE = YES;
				IPHONEOS_DEPLOYMENT_TARGET = 7.0;
				SDKROOT = iphoneos;
				VALIDATE_PRODUCT = YES;
			};
			name = Release;
		};
		6E6B089C1899879700A059E7 /* Debug */ = {
			isa = XCBuildConfiguration;
			buildSettings = {
				ASSETCATALOG_COMPILER_APPICON_NAME = AppIcon;
				ASSETCATALOG_COMPILER_LAUNCHIMAGE_NAME = LaunchImage;
				GCC_PRECOMPILE_PREFIX_HEADER = YES;
				GCC_PREFIX_HEADER = "Dwellworks Inspection/Dwellworks Inspection-Prefix.pch";
				INFOPLIST_FILE = "Dwellworks Inspection/Dwellworks Inspection-Info.plist";
				PRODUCT_NAME = "$(TARGET_NAME)";
				WRAPPER_EXTENSION = app;
			};
			name = Debug;
		};
		6E6B089D1899879700A059E7 /* Release */ = {
			isa = XCBuildConfiguration;
			buildSettings = {
				ASSETCATALOG_COMPILER_APPICON_NAME = AppIcon;
				ASSETCATALOG_COMPILER_LAUNCHIMAGE_NAME = LaunchImage;
				GCC_PRECOMPILE_PREFIX_HEADER = YES;
				GCC_PREFIX_HEADER = "Dwellworks Inspection/Dwellworks Inspection-Prefix.pch";
				INFOPLIST_FILE = "Dwellworks Inspection/Dwellworks Inspection-Info.plist";
				PRODUCT_NAME = "$(TARGET_NAME)";
				WRAPPER_EXTENSION = app;
			};
			name = Release;
		};
		6E6B089F1899879700A059E7 /* Debug */ = {
			isa = XCBuildConfiguration;
			buildSettings = {
				ARCHS = "$(ARCHS_STANDARD_INCLUDING_64_BIT)";
				BUNDLE_LOADER = "$(BUILT_PRODUCTS_DIR)/Dwellworks Inspection.app/Dwellworks Inspection";
				FRAMEWORK_SEARCH_PATHS = (
					"$(SDKROOT)/Developer/Library/Frameworks",
					"$(inherited)",
					"$(DEVELOPER_FRAMEWORKS_DIR)",
				);
				GCC_PRECOMPILE_PREFIX_HEADER = YES;
				GCC_PREFIX_HEADER = "Dwellworks Inspection/Dwellworks Inspection-Prefix.pch";
				GCC_PREPROCESSOR_DEFINITIONS = (
					"DEBUG=1",
					"$(inherited)",
				);
				INFOPLIST_FILE = "Dwellworks InspectionTests/Dwellworks InspectionTests-Info.plist";
				PRODUCT_NAME = "$(TARGET_NAME)";
				TEST_HOST = "$(BUNDLE_LOADER)";
				WRAPPER_EXTENSION = xctest;
			};
			name = Debug;
		};
		6E6B08A01899879700A059E7 /* Release */ = {
			isa = XCBuildConfiguration;
			buildSettings = {
				ARCHS = "$(ARCHS_STANDARD_INCLUDING_64_BIT)";
				BUNDLE_LOADER = "$(BUILT_PRODUCTS_DIR)/Dwellworks Inspection.app/Dwellworks Inspection";
				FRAMEWORK_SEARCH_PATHS = (
					"$(SDKROOT)/Developer/Library/Frameworks",
					"$(inherited)",
					"$(DEVELOPER_FRAMEWORKS_DIR)",
				);
				GCC_PRECOMPILE_PREFIX_HEADER = YES;
				GCC_PREFIX_HEADER = "Dwellworks Inspection/Dwellworks Inspection-Prefix.pch";
				INFOPLIST_FILE = "Dwellworks InspectionTests/Dwellworks InspectionTests-Info.plist";
				PRODUCT_NAME = "$(TARGET_NAME)";
				TEST_HOST = "$(BUNDLE_LOADER)";
				WRAPPER_EXTENSION = xctest;
			};
			name = Release;
		};
/* End XCBuildConfiguration section */

/* Begin XCConfigurationList section */
		6E6B08641899879700A059E7 /* Build configuration list for PBXProject "Dwellworks Inspection" */ = {
			isa = XCConfigurationList;
			buildConfigurations = (
				6E6B08991899879700A059E7 /* Debug */,
				6E6B089A1899879700A059E7 /* Release */,
			);
			defaultConfigurationIsVisible = 0;
			defaultConfigurationName = Release;
		};
		6E6B089B1899879700A059E7 /* Build configuration list for PBXNativeTarget "Dwellworks Inspection" */ = {
			isa = XCConfigurationList;
			buildConfigurations = (
				6E6B089C1899879700A059E7 /* Debug */,
				6E6B089D1899879700A059E7 /* Release */,
			);
			defaultConfigurationIsVisible = 0;
			defaultConfigurationName = Release;
		};
		6E6B089E1899879700A059E7 /* Build configuration list for PBXNativeTarget "Dwellworks InspectionTests" */ = {
			isa = XCConfigurationList;
			buildConfigurations = (
				6E6B089F1899879700A059E7 /* Debug */,
				6E6B08A01899879700A059E7 /* Release */,
			);
			defaultConfigurationIsVisible = 0;
			defaultConfigurationName = Release;
		};
/* End XCConfigurationList section */

/* Begin XCVersionGroup section */
		6E6B08AD1899A4FA00A059E7 /* QtrModel.xcdatamodeld */ = {
			isa = XCVersionGroup;
			children = (
				6E6B08AE1899A4FA00A059E7 /* QtrModel.xcdatamodel */,
			);
			currentVersion = 6E6B08AE1899A4FA00A059E7 /* QtrModel.xcdatamodel */;
			path = QtrModel.xcdatamodeld;
			sourceTree = "<group>";
			versionGroupType = wrapper.xcdatamodel;
		};
/* End XCVersionGroup section */
	};
	rootObject = 6E6B08611899879700A059E7 /* Project object */;
}
